// !$*UTF8*$!
{
	archiveVersion = 1;
	classes = {
	};
	objectVersion = 46;
	objects = {

/* Begin PBXBuildFile section */
		0DB74D34539877CCEC8B88DD /* libPods-EmbedInExistingNavigationStack.a in Frameworks */ = {isa = PBXBuildFile; fileRef = E3E75E5D28B2F8237E7A875D /* libPods-EmbedInExistingNavigationStack.a */; };
		5103AB751C78F56C00FA2EA5 /* ARArtworksMasonryGridComponentManager.m in Sources */ = {isa = PBXBuildFile; fileRef = 5103AB741C78F56C00FA2EA5 /* ARArtworksMasonryGridComponentManager.m */; };
		5103AB781C78F7C200FA2EA5 /* ARArtworksMasonryGridComponentController.m in Sources */ = {isa = PBXBuildFile; fileRef = 5103AB771C78F7C200FA2EA5 /* ARArtworksMasonryGridComponentController.m */; };
		5103AB7B1C79095400FA2EA5 /* ARArtworksMasonryGridComponentCell.m in Sources */ = {isa = PBXBuildFile; fileRef = 5103AB7A1C79095400FA2EA5 /* ARArtworksMasonryGridComponentCell.m */; };
		5122D47C1C70B7670012EDD1 /* main.m in Sources */ = {isa = PBXBuildFile; fileRef = 5122D47B1C70B7670012EDD1 /* main.m */; };
		5122D47F1C70B7670012EDD1 /* AppDelegate.m in Sources */ = {isa = PBXBuildFile; fileRef = 5122D47E1C70B7670012EDD1 /* AppDelegate.m */; };
		5122D4821C70B7670012EDD1 /* ViewController.m in Sources */ = {isa = PBXBuildFile; fileRef = 5122D4811C70B7670012EDD1 /* ViewController.m */; };
		5122D4871C70B7670012EDD1 /* Assets.xcassets in Resources */ = {isa = PBXBuildFile; fileRef = 5122D4861C70B7670012EDD1 /* Assets.xcassets */; };
		5122D48A1C70B7670012EDD1 /* LaunchScreen.storyboard in Resources */ = {isa = PBXBuildFile; fileRef = 5122D4881C70B7670012EDD1 /* LaunchScreen.storyboard */; };
		5122D4941C70BE3F0012EDD1 /* RootComponentViewController.m in Sources */ = {isa = PBXBuildFile; fileRef = 5122D4931C70BE3F0012EDD1 /* RootComponentViewController.m */; };
		5122D49C1C720DE20012EDD1 /* ARNavigatorModule.m in Sources */ = {isa = PBXBuildFile; fileRef = 5122D49B1C720DE20012EDD1 /* ARNavigatorModule.m */; };
		5122D4A11C729AF90012EDD1 /* ARImageViewManager.m in Sources */ = {isa = PBXBuildFile; fileRef = 5122D4A01C729AF90012EDD1 /* ARImageViewManager.m */; };
		5122D4A41C729B5A0012EDD1 /* UIImageView+AsyncImageLoading.m in Sources */ = {isa = PBXBuildFile; fileRef = 5122D4A31C729B5A0012EDD1 /* UIImageView+AsyncImageLoading.m */; };
		5122D4A81C72A09A0012EDD1 /* ARImageView.m in Sources */ = {isa = PBXBuildFile; fileRef = 5122D4A71C72A09A0012EDD1 /* ARImageView.m */; };
		5122D4B41C7607BE0012EDD1 /* main.jsbundle in Resources */ = {isa = PBXBuildFile; fileRef = 5122D4B31C7607BE0012EDD1 /* main.jsbundle */; };
		5122D4FE1C7629080012EDD1 /* ARMasonryGridView.m in Sources */ = {isa = PBXBuildFile; fileRef = 5122D4E61C7629080012EDD1 /* ARMasonryGridView.m */; };
		5122D4FF1C7629080012EDD1 /* ARMasonryGridViewManager.m in Sources */ = {isa = PBXBuildFile; fileRef = 5122D4E81C7629080012EDD1 /* ARMasonryGridViewManager.m */; };
		5122D54D1C773EA30012EDD1 /* ARMasonryGridCell.m in Sources */ = {isa = PBXBuildFile; fileRef = 5122D54C1C773EA30012EDD1 /* ARMasonryGridCell.m */; };
		5122D5501C773EC10012EDD1 /* ARMasonryGridCellManager.m in Sources */ = {isa = PBXBuildFile; fileRef = 5122D54F1C773EC10012EDD1 /* ARMasonryGridCellManager.m */; };
		5122D5531C777CC60012EDD1 /* ARShadowImageView.m in Sources */ = {isa = PBXBuildFile; fileRef = 5122D5521C777CC60012EDD1 /* ARShadowImageView.m */; };
		5122D5561C77BF200012EDD1 /* ARMasonryGridContainerCell.m in Sources */ = {isa = PBXBuildFile; fileRef = 5122D5551C77BF200012EDD1 /* ARMasonryGridContainerCell.m */; };
		5122D5591C77DE460012EDD1 /* ARMasonryGridCellEventReceiver.m in Sources */ = {isa = PBXBuildFile; fileRef = 5122D5581C77DE460012EDD1 /* ARMasonryGridCellEventReceiver.m */; };
		5122D55C1C77DE650012EDD1 /* ARMasonryGridCellEventReceiverManager.m in Sources */ = {isa = PBXBuildFile; fileRef = 5122D55B1C77DE650012EDD1 /* ARMasonryGridCellEventReceiverManager.m */; };
		5122D5771C7876B60012EDD1 /* ARArtworkMasonryModule.m in Sources */ = {isa = PBXBuildFile; fileRef = 5122D5601C7876B60012EDD1 /* ARArtworkMasonryModule.m */; };
		5122D5781C7876B60012EDD1 /* ARArtworkThumbnailMetadataView.m in Sources */ = {isa = PBXBuildFile; fileRef = 5122D5621C7876B60012EDD1 /* ARArtworkThumbnailMetadataView.m */; };
		5122D5791C7876B60012EDD1 /* ARArtworkWithMetadataThumbnailCell.m in Sources */ = {isa = PBXBuildFile; fileRef = 5122D5641C7876B60012EDD1 /* ARArtworkWithMetadataThumbnailCell.m */; };
		5122D57A1C7876B60012EDD1 /* AREmbeddedModelsViewController.m in Sources */ = {isa = PBXBuildFile; fileRef = 5122D5661C7876B60012EDD1 /* AREmbeddedModelsViewController.m */; };
		5122D57B1C7876B60012EDD1 /* ARFeedImageLoader.m in Sources */ = {isa = PBXBuildFile; fileRef = 5122D5681C7876B60012EDD1 /* ARFeedImageLoader.m */; };
		5122D57C1C7876B60012EDD1 /* ARItemThumbnailViewCell.m in Sources */ = {isa = PBXBuildFile; fileRef = 5122D56B1C7876B60012EDD1 /* ARItemThumbnailViewCell.m */; };
		5122D57D1C7876B60012EDD1 /* ARModelCollectionViewModule.m in Sources */ = {isa = PBXBuildFile; fileRef = 5122D56D1C7876B60012EDD1 /* ARModelCollectionViewModule.m */; };
		5122D57E1C7876B60012EDD1 /* Artist.m in Sources */ = {isa = PBXBuildFile; fileRef = 5122D5701C7876B60012EDD1 /* Artist.m */; };
		5122D57F1C7876B60012EDD1 /* Artwork.m in Sources */ = {isa = PBXBuildFile; fileRef = 5122D5721C7876B60012EDD1 /* Artwork.m */; };
		5122D5801C7876B60012EDD1 /* UIDevice-Hardware.m in Sources */ = {isa = PBXBuildFile; fileRef = 5122D5741C7876B60012EDD1 /* UIDevice-Hardware.m */; };
		5122D5811C7876B60012EDD1 /* UIImage+ImageFromColor.m in Sources */ = {isa = PBXBuildFile; fileRef = 5122D5761C7876B60012EDD1 /* UIImage+ImageFromColor.m */; };
		5122D5841C7878070012EDD1 /* AREigenMasonryGridViewManager.m in Sources */ = {isa = PBXBuildFile; fileRef = 5122D5831C7878070012EDD1 /* AREigenMasonryGridViewManager.m */; };
		5122D5871C78781A0012EDD1 /* AREigenMasonryGridView.m in Sources */ = {isa = PBXBuildFile; fileRef = 5122D5861C78781A0012EDD1 /* AREigenMasonryGridView.m */; };
		5122D58B1C78AE8B0012EDD1 /* ARArtworksMasonryGridComponent.m in Sources */ = {isa = PBXBuildFile; fileRef = 5122D58A1C78AE8B0012EDD1 /* ARArtworksMasonryGridComponent.m */; };
		5165D1C81C79D95F00D78419 /* AROpaqueImageView.m in Sources */ = {isa = PBXBuildFile; fileRef = 5165D1C71C79D95F00D78419 /* AROpaqueImageView.m */; };
/* End PBXBuildFile section */

/* Begin PBXFileReference section */
		1E56C2BD7C53A514D9B86434 /* Pods-EmbedInExistingNavigationStack.debug.xcconfig */ = {isa = PBXFileReference; includeInIndex = 1; lastKnownFileType = text.xcconfig; name = "Pods-EmbedInExistingNavigationStack.debug.xcconfig"; path = "../Pods/Target Support Files/Pods-EmbedInExistingNavigationStack/Pods-EmbedInExistingNavigationStack.debug.xcconfig"; sourceTree = "<group>"; };
		5103AB731C78F56C00FA2EA5 /* ARArtworksMasonryGridComponentManager.h */ = {isa = PBXFileReference; fileEncoding = 4; lastKnownFileType = sourcecode.c.h; path = ARArtworksMasonryGridComponentManager.h; sourceTree = "<group>"; };
		5103AB741C78F56C00FA2EA5 /* ARArtworksMasonryGridComponentManager.m */ = {isa = PBXFileReference; fileEncoding = 4; lastKnownFileType = sourcecode.c.objc; path = ARArtworksMasonryGridComponentManager.m; sourceTree = "<group>"; };
		5103AB761C78F7C200FA2EA5 /* ARArtworksMasonryGridComponentController.h */ = {isa = PBXFileReference; fileEncoding = 4; lastKnownFileType = sourcecode.c.h; path = ARArtworksMasonryGridComponentController.h; sourceTree = "<group>"; };
		5103AB771C78F7C200FA2EA5 /* ARArtworksMasonryGridComponentController.m */ = {isa = PBXFileReference; fileEncoding = 4; lastKnownFileType = sourcecode.c.objc; path = ARArtworksMasonryGridComponentController.m; sourceTree = "<group>"; };
		5103AB791C79095400FA2EA5 /* ARArtworksMasonryGridComponentCell.h */ = {isa = PBXFileReference; fileEncoding = 4; lastKnownFileType = sourcecode.c.h; path = ARArtworksMasonryGridComponentCell.h; sourceTree = "<group>"; };
		5103AB7A1C79095400FA2EA5 /* ARArtworksMasonryGridComponentCell.m */ = {isa = PBXFileReference; fileEncoding = 4; lastKnownFileType = sourcecode.c.objc; path = ARArtworksMasonryGridComponentCell.m; sourceTree = "<group>"; };
		5103AB7C1C790B9B00FA2EA5 /* index.ios.js */ = {isa = PBXFileReference; fileEncoding = 4; lastKnownFileType = sourcecode.javascript; path = index.ios.js; sourceTree = "<group>"; };
		5122D4771C70B7670012EDD1 /* EmbedInExistingNavigationStack.app */ = {isa = PBXFileReference; explicitFileType = wrapper.application; includeInIndex = 0; path = EmbedInExistingNavigationStack.app; sourceTree = BUILT_PRODUCTS_DIR; };
		5122D47B1C70B7670012EDD1 /* main.m */ = {isa = PBXFileReference; lastKnownFileType = sourcecode.c.objc; path = main.m; sourceTree = "<group>"; };
		5122D47D1C70B7670012EDD1 /* AppDelegate.h */ = {isa = PBXFileReference; lastKnownFileType = sourcecode.c.h; path = AppDelegate.h; sourceTree = "<group>"; };
		5122D47E1C70B7670012EDD1 /* AppDelegate.m */ = {isa = PBXFileReference; lastKnownFileType = sourcecode.c.objc; path = AppDelegate.m; sourceTree = "<group>"; };
		5122D4801C70B7670012EDD1 /* ViewController.h */ = {isa = PBXFileReference; lastKnownFileType = sourcecode.c.h; path = ViewController.h; sourceTree = "<group>"; };
		5122D4811C70B7670012EDD1 /* ViewController.m */ = {isa = PBXFileReference; lastKnownFileType = sourcecode.c.objc; path = ViewController.m; sourceTree = "<group>"; };
		5122D4861C70B7670012EDD1 /* Assets.xcassets */ = {isa = PBXFileReference; lastKnownFileType = folder.assetcatalog; path = Assets.xcassets; sourceTree = "<group>"; };
		5122D4891C70B7670012EDD1 /* Base */ = {isa = PBXFileReference; lastKnownFileType = file.storyboard; name = Base; path = Base.lproj/LaunchScreen.storyboard; sourceTree = "<group>"; };
		5122D48B1C70B7670012EDD1 /* Info.plist */ = {isa = PBXFileReference; lastKnownFileType = text.plist.xml; path = Info.plist; sourceTree = "<group>"; };
		5122D4921C70BE3F0012EDD1 /* RootComponentViewController.h */ = {isa = PBXFileReference; fileEncoding = 4; lastKnownFileType = sourcecode.c.h; path = RootComponentViewController.h; sourceTree = "<group>"; };
		5122D4931C70BE3F0012EDD1 /* RootComponentViewController.m */ = {isa = PBXFileReference; fileEncoding = 4; lastKnownFileType = sourcecode.c.objc; path = RootComponentViewController.m; sourceTree = "<group>"; };
		5122D4971C70D3E60012EDD1 /* index.ios.js */ = {isa = PBXFileReference; fileEncoding = 4; lastKnownFileType = sourcecode.javascript; path = index.ios.js; sourceTree = "<group>"; };
		5122D49A1C720DE20012EDD1 /* ARNavigatorModule.h */ = {isa = PBXFileReference; fileEncoding = 4; lastKnownFileType = sourcecode.c.h; path = ARNavigatorModule.h; sourceTree = "<group>"; };
		5122D49B1C720DE20012EDD1 /* ARNavigatorModule.m */ = {isa = PBXFileReference; fileEncoding = 4; lastKnownFileType = sourcecode.c.objc; path = ARNavigatorModule.m; sourceTree = "<group>"; };
		5122D49F1C729AF90012EDD1 /* ARImageViewManager.h */ = {isa = PBXFileReference; fileEncoding = 4; lastKnownFileType = sourcecode.c.h; path = ARImageViewManager.h; sourceTree = "<group>"; };
		5122D4A01C729AF90012EDD1 /* ARImageViewManager.m */ = {isa = PBXFileReference; fileEncoding = 4; lastKnownFileType = sourcecode.c.objc; path = ARImageViewManager.m; sourceTree = "<group>"; };
		5122D4A21C729B5A0012EDD1 /* UIImageView+AsyncImageLoading.h */ = {isa = PBXFileReference; fileEncoding = 4; lastKnownFileType = sourcecode.c.h; path = "UIImageView+AsyncImageLoading.h"; sourceTree = "<group>"; };
		5122D4A31C729B5A0012EDD1 /* UIImageView+AsyncImageLoading.m */ = {isa = PBXFileReference; fileEncoding = 4; lastKnownFileType = sourcecode.c.objc; path = "UIImageView+AsyncImageLoading.m"; sourceTree = "<group>"; };
		5122D4A61C72A09A0012EDD1 /* ARImageView.h */ = {isa = PBXFileReference; fileEncoding = 4; lastKnownFileType = sourcecode.c.h; path = ARImageView.h; sourceTree = "<group>"; };
		5122D4A71C72A09A0012EDD1 /* ARImageView.m */ = {isa = PBXFileReference; fileEncoding = 4; lastKnownFileType = sourcecode.c.objc; path = ARImageView.m; sourceTree = "<group>"; };
		5122D4AA1C73D0480012EDD1 /* index.ios.js */ = {isa = PBXFileReference; fileEncoding = 4; lastKnownFileType = sourcecode.javascript; path = index.ios.js; sourceTree = "<group>"; };
		5122D4AF1C73D90D0012EDD1 /* index.ios.js */ = {isa = PBXFileReference; fileEncoding = 4; lastKnownFileType = sourcecode.javascript; path = index.ios.js; sourceTree = "<group>"; };
		5122D4B31C7607BE0012EDD1 /* main.jsbundle */ = {isa = PBXFileReference; fileEncoding = 4; lastKnownFileType = text; path = main.jsbundle; sourceTree = "<group>"; };
		5122D4B81C7614190012EDD1 /* index.ios.js */ = {isa = PBXFileReference; fileEncoding = 4; lastKnownFileType = sourcecode.javascript; path = index.ios.js; sourceTree = "<group>"; };
		5122D4E51C7629080012EDD1 /* ARMasonryGridView.h */ = {isa = PBXFileReference; fileEncoding = 4; lastKnownFileType = sourcecode.c.h; path = ARMasonryGridView.h; sourceTree = "<group>"; };
		5122D4E61C7629080012EDD1 /* ARMasonryGridView.m */ = {isa = PBXFileReference; fileEncoding = 4; lastKnownFileType = sourcecode.c.objc; path = ARMasonryGridView.m; sourceTree = "<group>"; };
		5122D4E71C7629080012EDD1 /* ARMasonryGridViewManager.h */ = {isa = PBXFileReference; fileEncoding = 4; lastKnownFileType = sourcecode.c.h; path = ARMasonryGridViewManager.h; sourceTree = "<group>"; };
		5122D4E81C7629080012EDD1 /* ARMasonryGridViewManager.m */ = {isa = PBXFileReference; fileEncoding = 4; lastKnownFileType = sourcecode.c.objc; path = ARMasonryGridViewManager.m; sourceTree = "<group>"; };
		5122D4FC1C7629080012EDD1 /* index.ios.js */ = {isa = PBXFileReference; fileEncoding = 4; lastKnownFileType = sourcecode.javascript; path = index.ios.js; sourceTree = "<group>"; };
		5122D54B1C773EA30012EDD1 /* ARMasonryGridCell.h */ = {isa = PBXFileReference; fileEncoding = 4; lastKnownFileType = sourcecode.c.h; path = ARMasonryGridCell.h; sourceTree = "<group>"; };
		5122D54C1C773EA30012EDD1 /* ARMasonryGridCell.m */ = {isa = PBXFileReference; fileEncoding = 4; lastKnownFileType = sourcecode.c.objc; path = ARMasonryGridCell.m; sourceTree = "<group>"; };
		5122D54E1C773EC10012EDD1 /* ARMasonryGridCellManager.h */ = {isa = PBXFileReference; fileEncoding = 4; lastKnownFileType = sourcecode.c.h; path = ARMasonryGridCellManager.h; sourceTree = "<group>"; };
		5122D54F1C773EC10012EDD1 /* ARMasonryGridCellManager.m */ = {isa = PBXFileReference; fileEncoding = 4; lastKnownFileType = sourcecode.c.objc; path = ARMasonryGridCellManager.m; sourceTree = "<group>"; };
		5122D5511C777CC60012EDD1 /* ARShadowImageView.h */ = {isa = PBXFileReference; fileEncoding = 4; lastKnownFileType = sourcecode.c.h; path = ARShadowImageView.h; sourceTree = "<group>"; };
		5122D5521C777CC60012EDD1 /* ARShadowImageView.m */ = {isa = PBXFileReference; fileEncoding = 4; lastKnownFileType = sourcecode.c.objc; path = ARShadowImageView.m; sourceTree = "<group>"; };
		5122D5541C77BF200012EDD1 /* ARMasonryGridContainerCell.h */ = {isa = PBXFileReference; fileEncoding = 4; lastKnownFileType = sourcecode.c.h; path = ARMasonryGridContainerCell.h; sourceTree = "<group>"; };
		5122D5551C77BF200012EDD1 /* ARMasonryGridContainerCell.m */ = {isa = PBXFileReference; fileEncoding = 4; lastKnownFileType = sourcecode.c.objc; path = ARMasonryGridContainerCell.m; sourceTree = "<group>"; };
		5122D5571C77DE460012EDD1 /* ARMasonryGridCellEventReceiver.h */ = {isa = PBXFileReference; fileEncoding = 4; lastKnownFileType = sourcecode.c.h; path = ARMasonryGridCellEventReceiver.h; sourceTree = "<group>"; };
		5122D5581C77DE460012EDD1 /* ARMasonryGridCellEventReceiver.m */ = {isa = PBXFileReference; fileEncoding = 4; lastKnownFileType = sourcecode.c.objc; path = ARMasonryGridCellEventReceiver.m; sourceTree = "<group>"; };
		5122D55A1C77DE650012EDD1 /* ARMasonryGridCellEventReceiverManager.h */ = {isa = PBXFileReference; fileEncoding = 4; lastKnownFileType = sourcecode.c.h; path = ARMasonryGridCellEventReceiverManager.h; sourceTree = "<group>"; };
		5122D55B1C77DE650012EDD1 /* ARMasonryGridCellEventReceiverManager.m */ = {isa = PBXFileReference; fileEncoding = 4; lastKnownFileType = sourcecode.c.objc; path = ARMasonryGridCellEventReceiverManager.m; sourceTree = "<group>"; };
		5122D55F1C7876B60012EDD1 /* ARArtworkMasonryModule.h */ = {isa = PBXFileReference; fileEncoding = 4; lastKnownFileType = sourcecode.c.h; path = ARArtworkMasonryModule.h; sourceTree = "<group>"; };
		5122D5601C7876B60012EDD1 /* ARArtworkMasonryModule.m */ = {isa = PBXFileReference; fileEncoding = 4; lastKnownFileType = sourcecode.c.objc; path = ARArtworkMasonryModule.m; sourceTree = "<group>"; };
		5122D5611C7876B60012EDD1 /* ARArtworkThumbnailMetadataView.h */ = {isa = PBXFileReference; fileEncoding = 4; lastKnownFileType = sourcecode.c.h; path = ARArtworkThumbnailMetadataView.h; sourceTree = "<group>"; };
		5122D5621C7876B60012EDD1 /* ARArtworkThumbnailMetadataView.m */ = {isa = PBXFileReference; fileEncoding = 4; lastKnownFileType = sourcecode.c.objc; path = ARArtworkThumbnailMetadataView.m; sourceTree = "<group>"; };
		5122D5631C7876B60012EDD1 /* ARArtworkWithMetadataThumbnailCell.h */ = {isa = PBXFileReference; fileEncoding = 4; lastKnownFileType = sourcecode.c.h; path = ARArtworkWithMetadataThumbnailCell.h; sourceTree = "<group>"; };
		5122D5641C7876B60012EDD1 /* ARArtworkWithMetadataThumbnailCell.m */ = {isa = PBXFileReference; fileEncoding = 4; lastKnownFileType = sourcecode.c.objc; path = ARArtworkWithMetadataThumbnailCell.m; sourceTree = "<group>"; };
		5122D5651C7876B60012EDD1 /* AREmbeddedModelsViewController.h */ = {isa = PBXFileReference; fileEncoding = 4; lastKnownFileType = sourcecode.c.h; path = AREmbeddedModelsViewController.h; sourceTree = "<group>"; };
		5122D5661C7876B60012EDD1 /* AREmbeddedModelsViewController.m */ = {isa = PBXFileReference; fileEncoding = 4; lastKnownFileType = sourcecode.c.objc; path = AREmbeddedModelsViewController.m; sourceTree = "<group>"; };
		5122D5671C7876B60012EDD1 /* ARFeedImageLoader.h */ = {isa = PBXFileReference; fileEncoding = 4; lastKnownFileType = sourcecode.c.h; path = ARFeedImageLoader.h; sourceTree = "<group>"; };
		5122D5681C7876B60012EDD1 /* ARFeedImageLoader.m */ = {isa = PBXFileReference; fileEncoding = 4; lastKnownFileType = sourcecode.c.objc; path = ARFeedImageLoader.m; sourceTree = "<group>"; };
		5122D5691C7876B60012EDD1 /* ARHasImageBaseURL.h */ = {isa = PBXFileReference; fileEncoding = 4; lastKnownFileType = sourcecode.c.h; path = ARHasImageBaseURL.h; sourceTree = "<group>"; };
		5122D56A1C7876B60012EDD1 /* ARItemThumbnailViewCell.h */ = {isa = PBXFileReference; fileEncoding = 4; lastKnownFileType = sourcecode.c.h; path = ARItemThumbnailViewCell.h; sourceTree = "<group>"; };
		5122D56B1C7876B60012EDD1 /* ARItemThumbnailViewCell.m */ = {isa = PBXFileReference; fileEncoding = 4; lastKnownFileType = sourcecode.c.objc; path = ARItemThumbnailViewCell.m; sourceTree = "<group>"; };
		5122D56C1C7876B60012EDD1 /* ARModelCollectionViewModule.h */ = {isa = PBXFileReference; fileEncoding = 4; lastKnownFileType = sourcecode.c.h; path = ARModelCollectionViewModule.h; sourceTree = "<group>"; };
		5122D56D1C7876B60012EDD1 /* ARModelCollectionViewModule.m */ = {isa = PBXFileReference; fileEncoding = 4; lastKnownFileType = sourcecode.c.objc; path = ARModelCollectionViewModule.m; sourceTree = "<group>"; };
		5122D56E1C7876B60012EDD1 /* ARPostAttachment.h */ = {isa = PBXFileReference; fileEncoding = 4; lastKnownFileType = sourcecode.c.h; path = ARPostAttachment.h; sourceTree = "<group>"; };
		5122D56F1C7876B60012EDD1 /* Artist.h */ = {isa = PBXFileReference; fileEncoding = 4; lastKnownFileType = sourcecode.c.h; path = Artist.h; sourceTree = "<group>"; };
		5122D5701C7876B60012EDD1 /* Artist.m */ = {isa = PBXFileReference; fileEncoding = 4; lastKnownFileType = sourcecode.c.objc; path = Artist.m; sourceTree = "<group>"; };
		5122D5711C7876B60012EDD1 /* Artwork.h */ = {isa = PBXFileReference; fileEncoding = 4; lastKnownFileType = sourcecode.c.h; path = Artwork.h; sourceTree = "<group>"; };
		5122D5721C7876B60012EDD1 /* Artwork.m */ = {isa = PBXFileReference; fileEncoding = 4; lastKnownFileType = sourcecode.c.objc; path = Artwork.m; sourceTree = "<group>"; };
		5122D5731C7876B60012EDD1 /* UIDevice-Hardware.h */ = {isa = PBXFileReference; fileEncoding = 4; lastKnownFileType = sourcecode.c.h; path = "UIDevice-Hardware.h"; sourceTree = "<group>"; };
		5122D5741C7876B60012EDD1 /* UIDevice-Hardware.m */ = {isa = PBXFileReference; fileEncoding = 4; lastKnownFileType = sourcecode.c.objc; path = "UIDevice-Hardware.m"; sourceTree = "<group>"; };
		5122D5751C7876B60012EDD1 /* UIImage+ImageFromColor.h */ = {isa = PBXFileReference; fileEncoding = 4; lastKnownFileType = sourcecode.c.h; path = "UIImage+ImageFromColor.h"; sourceTree = "<group>"; };
		5122D5761C7876B60012EDD1 /* UIImage+ImageFromColor.m */ = {isa = PBXFileReference; fileEncoding = 4; lastKnownFileType = sourcecode.c.objc; path = "UIImage+ImageFromColor.m"; sourceTree = "<group>"; };
		5122D5821C7878070012EDD1 /* AREigenMasonryGridViewManager.h */ = {isa = PBXFileReference; fileEncoding = 4; lastKnownFileType = sourcecode.c.h; path = AREigenMasonryGridViewManager.h; sourceTree = "<group>"; };
		5122D5831C7878070012EDD1 /* AREigenMasonryGridViewManager.m */ = {isa = PBXFileReference; fileEncoding = 4; lastKnownFileType = sourcecode.c.objc; path = AREigenMasonryGridViewManager.m; sourceTree = "<group>"; };
		5122D5851C78781A0012EDD1 /* AREigenMasonryGridView.h */ = {isa = PBXFileReference; fileEncoding = 4; lastKnownFileType = sourcecode.c.h; path = AREigenMasonryGridView.h; sourceTree = "<group>"; };
		5122D5861C78781A0012EDD1 /* AREigenMasonryGridView.m */ = {isa = PBXFileReference; fileEncoding = 4; lastKnownFileType = sourcecode.c.objc; path = AREigenMasonryGridView.m; sourceTree = "<group>"; };
		5122D5891C78AE8B0012EDD1 /* ARArtworksMasonryGridComponent.h */ = {isa = PBXFileReference; fileEncoding = 4; lastKnownFileType = sourcecode.c.h; path = ARArtworksMasonryGridComponent.h; sourceTree = "<group>"; };
		5122D58A1C78AE8B0012EDD1 /* ARArtworksMasonryGridComponent.m */ = {isa = PBXFileReference; fileEncoding = 4; lastKnownFileType = sourcecode.c.objc; path = ARArtworksMasonryGridComponent.m; sourceTree = "<group>"; };
		5165D1C61C79D95F00D78419 /* AROpaqueImageView.h */ = {isa = PBXFileReference; fileEncoding = 4; lastKnownFileType = sourcecode.c.h; path = AROpaqueImageView.h; sourceTree = "<group>"; };
		5165D1C71C79D95F00D78419 /* AROpaqueImageView.m */ = {isa = PBXFileReference; fileEncoding = 4; lastKnownFileType = sourcecode.c.objc; path = AROpaqueImageView.m; sourceTree = "<group>"; };
		E3911A1D3686D905B4E0C8E2 /* Pods-EmbedInExistingNavigationStack.release.xcconfig */ = {isa = PBXFileReference; includeInIndex = 1; lastKnownFileType = text.xcconfig; name = "Pods-EmbedInExistingNavigationStack.release.xcconfig"; path = "../Pods/Target Support Files/Pods-EmbedInExistingNavigationStack/Pods-EmbedInExistingNavigationStack.release.xcconfig"; sourceTree = "<group>"; };
		E3E75E5D28B2F8237E7A875D /* libPods-EmbedInExistingNavigationStack.a */ = {isa = PBXFileReference; explicitFileType = archive.ar; includeInIndex = 0; path = "libPods-EmbedInExistingNavigationStack.a"; sourceTree = BUILT_PRODUCTS_DIR; };
/* End PBXFileReference section */

/* Begin PBXFrameworksBuildPhase section */
		5122D4741C70B7670012EDD1 /* Frameworks */ = {
			isa = PBXFrameworksBuildPhase;
			buildActionMask = 2147483647;
			files = (
				0DB74D34539877CCEC8B88DD /* libPods-EmbedInExistingNavigationStack.a in Frameworks */,
			);
			runOnlyForDeploymentPostprocessing = 0;
		};
/* End PBXFrameworksBuildPhase section */

/* Begin PBXGroup section */
		5122D46E1C70B7670012EDD1 = {
			isa = PBXGroup;
			children = (
				5122D4791C70B7670012EDD1 /* EmbedInExistingNavigationStack */,
				5122D4781C70B7670012EDD1 /* Products */,
				7279C3023ED10FD1CF312795 /* Pods */,
				FF5A2E031154CB200B0B4CC7 /* Frameworks */,
			);
			sourceTree = "<group>";
		};
		5122D4781C70B7670012EDD1 /* Products */ = {
			isa = PBXGroup;
			children = (
				5122D4771C70B7670012EDD1 /* EmbedInExistingNavigationStack.app */,
			);
			name = Products;
			sourceTree = "<group>";
		};
		5122D4791C70B7670012EDD1 /* EmbedInExistingNavigationStack */ = {
			isa = PBXGroup;
			children = (
				5122D49D1C7299E90012EDD1 /* ARComponents */,
				5122D4911C70BE0C0012EDD1 /* ARReact */,
				5122D47D1C70B7670012EDD1 /* AppDelegate.h */,
				5122D47E1C70B7670012EDD1 /* AppDelegate.m */,
				5122D4801C70B7670012EDD1 /* ViewController.h */,
				5122D4811C70B7670012EDD1 /* ViewController.m */,
				5122D4B31C7607BE0012EDD1 /* main.jsbundle */,
				5122D4861C70B7670012EDD1 /* Assets.xcassets */,
				5122D4881C70B7670012EDD1 /* LaunchScreen.storyboard */,
				5122D48B1C70B7670012EDD1 /* Info.plist */,
				5122D47A1C70B7670012EDD1 /* Supporting Files */,
			);
			path = EmbedInExistingNavigationStack;
			sourceTree = "<group>";
		};
		5122D47A1C70B7670012EDD1 /* Supporting Files */ = {
			isa = PBXGroup;
			children = (
				5122D47B1C70B7670012EDD1 /* main.m */,
			);
			name = "Supporting Files";
			sourceTree = "<group>";
		};
		5122D4911C70BE0C0012EDD1 /* ARReact */ = {
			isa = PBXGroup;
			children = (
				5122D4A91C72A8960012EDD1 /* ARImage */,
				5122D4971C70D3E60012EDD1 /* index.ios.js */,
				5122D4921C70BE3F0012EDD1 /* RootComponentViewController.h */,
				5122D4931C70BE3F0012EDD1 /* RootComponentViewController.m */,
				5122D49A1C720DE20012EDD1 /* ARNavigatorModule.h */,
				5122D49B1C720DE20012EDD1 /* ARNavigatorModule.m */,
			);
			path = ARReact;
			sourceTree = "<group>";
		};
		5122D49D1C7299E90012EDD1 /* ARComponents */ = {
			isa = PBXGroup;
			children = (
				5122D5881C78AD8A0012EDD1 /* ARArtworksMasonryGridComponent */,
				5122D55D1C7876B60012EDD1 /* ARNativeEigenMasonryGridComponent */,
				5122D4E31C7629080012EDD1 /* ARNativeMasonryGridComponent */,
				5122D4B61C7614190012EDD1 /* ARMasonryGridComponent */,
				5122D4AC1C73D90D0012EDD1 /* ARArtworkComponent */,
				5122D49E1C729A080012EDD1 /* ARImage */,
			);
			path = ARComponents;
			sourceTree = "<group>";
		};
		5122D49E1C729A080012EDD1 /* ARImage */ = {
			isa = PBXGroup;
			children = (
				5122D4AA1C73D0480012EDD1 /* index.ios.js */,
				5122D49F1C729AF90012EDD1 /* ARImageViewManager.h */,
				5122D4A01C729AF90012EDD1 /* ARImageViewManager.m */,
				5122D4A21C729B5A0012EDD1 /* UIImageView+AsyncImageLoading.h */,
				5122D4A31C729B5A0012EDD1 /* UIImageView+AsyncImageLoading.m */,
				5122D4A61C72A09A0012EDD1 /* ARImageView.h */,
				5122D4A71C72A09A0012EDD1 /* ARImageView.m */,
				5122D5511C777CC60012EDD1 /* ARShadowImageView.h */,
				5122D5521C777CC60012EDD1 /* ARShadowImageView.m */,
			);
			path = ARImage;
			sourceTree = "<group>";
		};
		5122D4A91C72A8960012EDD1 /* ARImage */ = {
			isa = PBXGroup;
			children = (
			);
			path = ARImage;
			sourceTree = "<group>";
		};
		5122D4AC1C73D90D0012EDD1 /* ARArtworkComponent */ = {
			isa = PBXGroup;
			children = (
				5122D4AF1C73D90D0012EDD1 /* index.ios.js */,
			);
			path = ARArtworkComponent;
			sourceTree = "<group>";
		};
		5122D4B61C7614190012EDD1 /* ARMasonryGridComponent */ = {
			isa = PBXGroup;
			children = (
				5122D4B81C7614190012EDD1 /* index.ios.js */,
			);
			path = ARMasonryGridComponent;
			sourceTree = "<group>";
		};
		5122D4E31C7629080012EDD1 /* ARNativeMasonryGridComponent */ = {
			isa = PBXGroup;
			children = (
				5122D54B1C773EA30012EDD1 /* ARMasonryGridCell.h */,
				5122D54C1C773EA30012EDD1 /* ARMasonryGridCell.m */,
				5122D5541C77BF200012EDD1 /* ARMasonryGridContainerCell.h */,
				5122D5551C77BF200012EDD1 /* ARMasonryGridContainerCell.m */,
				5122D54E1C773EC10012EDD1 /* ARMasonryGridCellManager.h */,
				5122D54F1C773EC10012EDD1 /* ARMasonryGridCellManager.m */,
				5122D5571C77DE460012EDD1 /* ARMasonryGridCellEventReceiver.h */,
				5122D5581C77DE460012EDD1 /* ARMasonryGridCellEventReceiver.m */,
				5122D55A1C77DE650012EDD1 /* ARMasonryGridCellEventReceiverManager.h */,
				5122D55B1C77DE650012EDD1 /* ARMasonryGridCellEventReceiverManager.m */,
				5122D4E51C7629080012EDD1 /* ARMasonryGridView.h */,
				5122D4E61C7629080012EDD1 /* ARMasonryGridView.m */,
				5122D4E71C7629080012EDD1 /* ARMasonryGridViewManager.h */,
				5122D4E81C7629080012EDD1 /* ARMasonryGridViewManager.m */,
				5122D4FC1C7629080012EDD1 /* index.ios.js */,
			);
			path = ARNativeMasonryGridComponent;
			sourceTree = "<group>";
		};
		5122D55D1C7876B60012EDD1 /* ARNativeEigenMasonryGridComponent */ = {
			isa = PBXGroup;
			children = (
				5122D5851C78781A0012EDD1 /* AREigenMasonryGridView.h */,
				5122D5861C78781A0012EDD1 /* AREigenMasonryGridView.m */,
				5122D5821C7878070012EDD1 /* AREigenMasonryGridViewManager.h */,
				5122D5831C7878070012EDD1 /* AREigenMasonryGridViewManager.m */,
				5122D55E1C7876B60012EDD1 /* Eigen */,
			);
			path = ARNativeEigenMasonryGridComponent;
			sourceTree = "<group>";
		};
		5122D55E1C7876B60012EDD1 /* Eigen */ = {
			isa = PBXGroup;
			children = (
				5122D55F1C7876B60012EDD1 /* ARArtworkMasonryModule.h */,
				5122D5601C7876B60012EDD1 /* ARArtworkMasonryModule.m */,
				5122D5611C7876B60012EDD1 /* ARArtworkThumbnailMetadataView.h */,
				5122D5621C7876B60012EDD1 /* ARArtworkThumbnailMetadataView.m */,
				5122D5631C7876B60012EDD1 /* ARArtworkWithMetadataThumbnailCell.h */,
				5122D5641C7876B60012EDD1 /* ARArtworkWithMetadataThumbnailCell.m */,
				5122D5651C7876B60012EDD1 /* AREmbeddedModelsViewController.h */,
				5122D5661C7876B60012EDD1 /* AREmbeddedModelsViewController.m */,
				5122D5671C7876B60012EDD1 /* ARFeedImageLoader.h */,
				5122D5681C7876B60012EDD1 /* ARFeedImageLoader.m */,
				5122D5691C7876B60012EDD1 /* ARHasImageBaseURL.h */,
				5122D56A1C7876B60012EDD1 /* ARItemThumbnailViewCell.h */,
				5122D56B1C7876B60012EDD1 /* ARItemThumbnailViewCell.m */,
				5122D56C1C7876B60012EDD1 /* ARModelCollectionViewModule.h */,
				5122D56D1C7876B60012EDD1 /* ARModelCollectionViewModule.m */,
				5122D56E1C7876B60012EDD1 /* ARPostAttachment.h */,
				5122D56F1C7876B60012EDD1 /* Artist.h */,
				5122D5701C7876B60012EDD1 /* Artist.m */,
				5122D5711C7876B60012EDD1 /* Artwork.h */,
				5122D5721C7876B60012EDD1 /* Artwork.m */,
				5122D5731C7876B60012EDD1 /* UIDevice-Hardware.h */,
				5122D5741C7876B60012EDD1 /* UIDevice-Hardware.m */,
				5122D5751C7876B60012EDD1 /* UIImage+ImageFromColor.h */,
				5122D5761C7876B60012EDD1 /* UIImage+ImageFromColor.m */,
			);
			path = Eigen;
			sourceTree = "<group>";
		};
		5122D5881C78AD8A0012EDD1 /* ARArtworksMasonryGridComponent */ = {
			isa = PBXGroup;
			children = (
				5103AB7C1C790B9B00FA2EA5 /* index.ios.js */,
				5165D1C61C79D95F00D78419 /* AROpaqueImageView.h */,
				5165D1C71C79D95F00D78419 /* AROpaqueImageView.m */,
				5122D5891C78AE8B0012EDD1 /* ARArtworksMasonryGridComponent.h */,
				5122D58A1C78AE8B0012EDD1 /* ARArtworksMasonryGridComponent.m */,
				5103AB791C79095400FA2EA5 /* ARArtworksMasonryGridComponentCell.h */,
				5103AB7A1C79095400FA2EA5 /* ARArtworksMasonryGridComponentCell.m */,
				5103AB731C78F56C00FA2EA5 /* ARArtworksMasonryGridComponentManager.h */,
				5103AB741C78F56C00FA2EA5 /* ARArtworksMasonryGridComponentManager.m */,
				5103AB761C78F7C200FA2EA5 /* ARArtworksMasonryGridComponentController.h */,
				5103AB771C78F7C200FA2EA5 /* ARArtworksMasonryGridComponentController.m */,
			);
			path = ARArtworksMasonryGridComponent;
			sourceTree = "<group>";
		};
		7279C3023ED10FD1CF312795 /* Pods */ = {
			isa = PBXGroup;
			children = (
				1E56C2BD7C53A514D9B86434 /* Pods-EmbedInExistingNavigationStack.debug.xcconfig */,
				E3911A1D3686D905B4E0C8E2 /* Pods-EmbedInExistingNavigationStack.release.xcconfig */,
			);
			name = Pods;
			sourceTree = "<group>";
		};
		FF5A2E031154CB200B0B4CC7 /* Frameworks */ = {
			isa = PBXGroup;
			children = (
				E3E75E5D28B2F8237E7A875D /* libPods-EmbedInExistingNavigationStack.a */,
			);
			name = Frameworks;
			sourceTree = "<group>";
		};
/* End PBXGroup section */

/* Begin PBXNativeTarget section */
		5122D4761C70B7670012EDD1 /* EmbedInExistingNavigationStack */ = {
			isa = PBXNativeTarget;
			buildConfigurationList = 5122D48E1C70B7670012EDD1 /* Build configuration list for PBXNativeTarget "EmbedInExistingNavigationStack" */;
			buildPhases = (
				25A309ED1C50AAAE901EDD8C /* Check Pods Manifest.lock */,
				5122D4731C70B7670012EDD1 /* Sources */,
				5122D4741C70B7670012EDD1 /* Frameworks */,
				5122D4751C70B7670012EDD1 /* Resources */,
				36312A9C059262F40ECDE774 /* Embed Pods Frameworks */,
				788CC030A24599DE47C33729 /* Copy Pods Resources */,
			);
			buildRules = (
			);
			dependencies = (
			);
			name = EmbedInExistingNavigationStack;
			productName = EmbedInExistingNavigationStack;
			productReference = 5122D4771C70B7670012EDD1 /* EmbedInExistingNavigationStack.app */;
			productType = "com.apple.product-type.application";
		};
/* End PBXNativeTarget section */

/* Begin PBXProject section */
		5122D46F1C70B7670012EDD1 /* Project object */ = {
			isa = PBXProject;
			attributes = {
				LastUpgradeCheck = 0720;
				ORGANIZATIONNAME = Artsy;
				TargetAttributes = {
					5122D4761C70B7670012EDD1 = {
						CreatedOnToolsVersion = 7.2.1;
					};
				};
			};
			buildConfigurationList = 5122D4721C70B7670012EDD1 /* Build configuration list for PBXProject "EmbedInExistingNavigationStack" */;
			compatibilityVersion = "Xcode 3.2";
			developmentRegion = English;
			hasScannedForEncodings = 0;
			knownRegions = (
				en,
				Base,
			);
			mainGroup = 5122D46E1C70B7670012EDD1;
			productRefGroup = 5122D4781C70B7670012EDD1 /* Products */;
			projectDirPath = "";
			projectRoot = "";
			targets = (
				5122D4761C70B7670012EDD1 /* EmbedInExistingNavigationStack */,
			);
		};
/* End PBXProject section */

/* Begin PBXResourcesBuildPhase section */
		5122D4751C70B7670012EDD1 /* Resources */ = {
			isa = PBXResourcesBuildPhase;
			buildActionMask = 2147483647;
			files = (
				5122D4B41C7607BE0012EDD1 /* main.jsbundle in Resources */,
				5122D48A1C70B7670012EDD1 /* LaunchScreen.storyboard in Resources */,
				5122D4871C70B7670012EDD1 /* Assets.xcassets in Resources */,
			);
			runOnlyForDeploymentPostprocessing = 0;
		};
/* End PBXResourcesBuildPhase section */

/* Begin PBXShellScriptBuildPhase section */
		25A309ED1C50AAAE901EDD8C /* Check Pods Manifest.lock */ = {
			isa = PBXShellScriptBuildPhase;
			buildActionMask = 2147483647;
			files = (
			);
			inputPaths = (
			);
			name = "Check Pods Manifest.lock";
			outputPaths = (
			);
			runOnlyForDeploymentPostprocessing = 0;
			shellPath = /bin/sh;
			shellScript = "diff \"${PODS_ROOT}/../Podfile.lock\" \"${PODS_ROOT}/Manifest.lock\" > /dev/null\nif [[ $? != 0 ]] ; then\n    cat << EOM\nerror: The sandbox is not in sync with the Podfile.lock. Run 'pod install' or update your CocoaPods installation.\nEOM\n    exit 1\nfi\n";
			showEnvVarsInLog = 0;
		};
		36312A9C059262F40ECDE774 /* Embed Pods Frameworks */ = {
			isa = PBXShellScriptBuildPhase;
			buildActionMask = 2147483647;
			files = (
			);
			inputPaths = (
			);
			name = "Embed Pods Frameworks";
			outputPaths = (
			);
			runOnlyForDeploymentPostprocessing = 0;
			shellPath = /bin/sh;
			shellScript = "\"${SRCROOT}/../Pods/Target Support Files/Pods-EmbedInExistingNavigationStack/Pods-EmbedInExistingNavigationStack-frameworks.sh\"\n";
			showEnvVarsInLog = 0;
		};
		788CC030A24599DE47C33729 /* Copy Pods Resources */ = {
			isa = PBXShellScriptBuildPhase;
			buildActionMask = 2147483647;
			files = (
			);
			inputPaths = (
			);
			name = "Copy Pods Resources";
			outputPaths = (
			);
			runOnlyForDeploymentPostprocessing = 0;
			shellPath = /bin/sh;
			shellScript = "\"${SRCROOT}/../Pods/Target Support Files/Pods-EmbedInExistingNavigationStack/Pods-EmbedInExistingNavigationStack-resources.sh\"\n";
			showEnvVarsInLog = 0;
		};
/* End PBXShellScriptBuildPhase section */

/* Begin PBXSourcesBuildPhase section */
		5122D4731C70B7670012EDD1 /* Sources */ = {
			isa = PBXSourcesBuildPhase;
			buildActionMask = 2147483647;
			files = (
				5122D5501C773EC10012EDD1 /* ARMasonryGridCellManager.m in Sources */,
				5122D55C1C77DE650012EDD1 /* ARMasonryGridCellEventReceiverManager.m in Sources */,
				5122D5841C7878070012EDD1 /* AREigenMasonryGridViewManager.m in Sources */,
				5122D57F1C7876B60012EDD1 /* Artwork.m in Sources */,
				5122D5781C7876B60012EDD1 /* ARArtworkThumbnailMetadataView.m in Sources */,
				5122D57C1C7876B60012EDD1 /* ARItemThumbnailViewCell.m in Sources */,
				5122D5791C7876B60012EDD1 /* ARArtworkWithMetadataThumbnailCell.m in Sources */,
				5103AB7B1C79095400FA2EA5 /* ARArtworksMasonryGridComponentCell.m in Sources */,
				5122D5561C77BF200012EDD1 /* ARMasonryGridContainerCell.m in Sources */,
				5122D49C1C720DE20012EDD1 /* ARNavigatorModule.m in Sources */,
				5122D57A1C7876B60012EDD1 /* AREmbeddedModelsViewController.m in Sources */,
				5122D5811C7876B60012EDD1 /* UIImage+ImageFromColor.m in Sources */,
				5122D57B1C7876B60012EDD1 /* ARFeedImageLoader.m in Sources */,
				5122D54D1C773EA30012EDD1 /* ARMasonryGridCell.m in Sources */,
				5122D57E1C7876B60012EDD1 /* Artist.m in Sources */,
				5122D4A81C72A09A0012EDD1 /* ARImageView.m in Sources */,
				5122D4821C70B7670012EDD1 /* ViewController.m in Sources */,
				5122D5771C7876B60012EDD1 /* ARArtworkMasonryModule.m in Sources */,
				5122D4FF1C7629080012EDD1 /* ARMasonryGridViewManager.m in Sources */,
				5103AB751C78F56C00FA2EA5 /* ARArtworksMasonryGridComponentManager.m in Sources */,
				5122D4FE1C7629080012EDD1 /* ARMasonryGridView.m in Sources */,
				5122D47F1C70B7670012EDD1 /* AppDelegate.m in Sources */,
				5122D5531C777CC60012EDD1 /* ARShadowImageView.m in Sources */,
				5122D5801C7876B60012EDD1 /* UIDevice-Hardware.m in Sources */,
				5122D58B1C78AE8B0012EDD1 /* ARArtworksMasonryGridComponent.m in Sources */,
				5122D5871C78781A0012EDD1 /* AREigenMasonryGridView.m in Sources */,
				5122D5591C77DE460012EDD1 /* ARMasonryGridCellEventReceiver.m in Sources */,
				5122D4A11C729AF90012EDD1 /* ARImageViewManager.m in Sources */,
				5122D4941C70BE3F0012EDD1 /* RootComponentViewController.m in Sources */,
				5122D4A41C729B5A0012EDD1 /* UIImageView+AsyncImageLoading.m in Sources */,
				5122D47C1C70B7670012EDD1 /* main.m in Sources */,
				5103AB781C78F7C200FA2EA5 /* ARArtworksMasonryGridComponentController.m in Sources */,
				5165D1C81C79D95F00D78419 /* AROpaqueImageView.m in Sources */,
				5122D57D1C7876B60012EDD1 /* ARModelCollectionViewModule.m in Sources */,
			);
			runOnlyForDeploymentPostprocessing = 0;
		};
/* End PBXSourcesBuildPhase section */

/* Begin PBXVariantGroup section */
		5122D4881C70B7670012EDD1 /* LaunchScreen.storyboard */ = {
			isa = PBXVariantGroup;
			children = (
				5122D4891C70B7670012EDD1 /* Base */,
			);
			name = LaunchScreen.storyboard;
			sourceTree = "<group>";
		};
/* End PBXVariantGroup section */

/* Begin XCBuildConfiguration section */
		5122D48C1C70B7670012EDD1 /* Debug */ = {
			isa = XCBuildConfiguration;
			buildSettings = {
				ALWAYS_SEARCH_USER_PATHS = NO;
				CLANG_CXX_LANGUAGE_STANDARD = "gnu++0x";
				CLANG_CXX_LIBRARY = "libc++";
				CLANG_ENABLE_MODULES = YES;
				CLANG_ENABLE_OBJC_ARC = YES;
				CLANG_WARN_BOOL_CONVERSION = YES;
				CLANG_WARN_CONSTANT_CONVERSION = YES;
				CLANG_WARN_DIRECT_OBJC_ISA_USAGE = YES_ERROR;
				CLANG_WARN_EMPTY_BODY = YES;
				CLANG_WARN_ENUM_CONVERSION = YES;
				CLANG_WARN_INT_CONVERSION = YES;
				CLANG_WARN_OBJC_ROOT_CLASS = YES_ERROR;
				CLANG_WARN_UNREACHABLE_CODE = YES;
				CLANG_WARN__DUPLICATE_METHOD_MATCH = YES;
				"CODE_SIGN_IDENTITY[sdk=iphoneos*]" = "iPhone Developer";
				COPY_PHASE_STRIP = NO;
				DEBUG_INFORMATION_FORMAT = dwarf;
				ENABLE_STRICT_OBJC_MSGSEND = YES;
				ENABLE_TESTABILITY = YES;
				GCC_C_LANGUAGE_STANDARD = gnu99;
				GCC_DYNAMIC_NO_PIC = NO;
				GCC_NO_COMMON_BLOCKS = YES;
				GCC_OPTIMIZATION_LEVEL = 0;
				GCC_PREPROCESSOR_DEFINITIONS = (
					"DEBUG=1",
					"$(inherited)",
				);
				GCC_WARN_64_TO_32_BIT_CONVERSION = YES;
				GCC_WARN_ABOUT_RETURN_TYPE = YES_ERROR;
				GCC_WARN_UNDECLARED_SELECTOR = YES;
				GCC_WARN_UNINITIALIZED_AUTOS = YES_AGGRESSIVE;
				GCC_WARN_UNUSED_FUNCTION = YES;
				GCC_WARN_UNUSED_VARIABLE = YES;
				IPHONEOS_DEPLOYMENT_TARGET = 9.2;
				MTL_ENABLE_DEBUG_INFO = YES;
				ONLY_ACTIVE_ARCH = YES;
				SDKROOT = iphoneos;
				TARGETED_DEVICE_FAMILY = "1,2";
			};
			name = Debug;
		};
		5122D48D1C70B7670012EDD1 /* Release */ = {
			isa = XCBuildConfiguration;
			buildSettings = {
				ALWAYS_SEARCH_USER_PATHS = NO;
				CLANG_CXX_LANGUAGE_STANDARD = "gnu++0x";
				CLANG_CXX_LIBRARY = "libc++";
				CLANG_ENABLE_MODULES = YES;
				CLANG_ENABLE_OBJC_ARC = YES;
				CLANG_WARN_BOOL_CONVERSION = YES;
				CLANG_WARN_CONSTANT_CONVERSION = YES;
				CLANG_WARN_DIRECT_OBJC_ISA_USAGE = YES_ERROR;
				CLANG_WARN_EMPTY_BODY = YES;
				CLANG_WARN_ENUM_CONVERSION = YES;
				CLANG_WARN_INT_CONVERSION = YES;
				CLANG_WARN_OBJC_ROOT_CLASS = YES_ERROR;
				CLANG_WARN_UNREACHABLE_CODE = YES;
				CLANG_WARN__DUPLICATE_METHOD_MATCH = YES;
				"CODE_SIGN_IDENTITY[sdk=iphoneos*]" = "iPhone Developer";
				COPY_PHASE_STRIP = NO;
				DEBUG_INFORMATION_FORMAT = "dwarf-with-dsym";
				ENABLE_NS_ASSERTIONS = NO;
				ENABLE_STRICT_OBJC_MSGSEND = YES;
				GCC_C_LANGUAGE_STANDARD = gnu99;
				GCC_NO_COMMON_BLOCKS = YES;
				GCC_WARN_64_TO_32_BIT_CONVERSION = YES;
				GCC_WARN_ABOUT_RETURN_TYPE = YES_ERROR;
				GCC_WARN_UNDECLARED_SELECTOR = YES;
				GCC_WARN_UNINITIALIZED_AUTOS = YES_AGGRESSIVE;
				GCC_WARN_UNUSED_FUNCTION = YES;
				GCC_WARN_UNUSED_VARIABLE = YES;
				IPHONEOS_DEPLOYMENT_TARGET = 9.2;
				MTL_ENABLE_DEBUG_INFO = NO;
				SDKROOT = iphoneos;
				TARGETED_DEVICE_FAMILY = "1,2";
				VALIDATE_PRODUCT = YES;
			};
			name = Release;
		};
		5122D48F1C70B7670012EDD1 /* Debug */ = {
			isa = XCBuildConfiguration;
			baseConfigurationReference = 1E56C2BD7C53A514D9B86434 /* Pods-EmbedInExistingNavigationStack.debug.xcconfig */;
			buildSettings = {
				ASSETCATALOG_COMPILER_APPICON_NAME = AppIcon;
				INFOPLIST_FILE = EmbedInExistingNavigationStack/Info.plist;
				LD_RUNPATH_SEARCH_PATHS = "$(inherited) @executable_path/Frameworks";
				PRODUCT_BUNDLE_IDENTIFIER = net.artsy.EmbedInExistingNavigationStack;
				PRODUCT_NAME = "$(TARGET_NAME)";
			};
			name = Debug;
		};
		5122D4901C70B7670012EDD1 /* Release */ = {
			isa = XCBuildConfiguration;
			baseConfigurationReference = E3911A1D3686D905B4E0C8E2 /* Pods-EmbedInExistingNavigationStack.release.xcconfig */;
			buildSettings = {
				ASSETCATALOG_COMPILER_APPICON_NAME = AppIcon;
				INFOPLIST_FILE = EmbedInExistingNavigationStack/Info.plist;
				LD_RUNPATH_SEARCH_PATHS = "$(inherited) @executable_path/Frameworks";
				PRODUCT_BUNDLE_IDENTIFIER = net.artsy.EmbedInExistingNavigationStack;
				PRODUCT_NAME = "$(TARGET_NAME)";
			};
			name = Release;
		};
/* End XCBuildConfiguration section */

/* Begin XCConfigurationList section */
		5122D4721C70B7670012EDD1 /* Build configuration list for PBXProject "EmbedInExistingNavigationStack" */ = {
			isa = XCConfigurationList;
			buildConfigurations = (
				5122D48C1C70B7670012EDD1 /* Debug */,
				5122D48D1C70B7670012EDD1 /* Release */,
			);
			defaultConfigurationIsVisible = 0;
			defaultConfigurationName = Release;
		};
		5122D48E1C70B7670012EDD1 /* Build configuration list for PBXNativeTarget "EmbedInExistingNavigationStack" */ = {
			isa = XCConfigurationList;
			buildConfigurations = (
				5122D48F1C70B7670012EDD1 /* Debug */,
				5122D4901C70B7670012EDD1 /* Release */,
			);
			defaultConfigurationIsVisible = 0;
			defaultConfigurationName = Release;
		};
/* End XCConfigurationList section */
	};
	rootObject = 5122D46F1C70B7670012EDD1 /* Project object */;
}
